# THIS IS AN AUTOGENERATED FILE. DO NOT EDIT THIS FILE DIRECTLY.
# yarn lockfile v1


"@types/node@^11.9.3":
  version "11.9.3"
  resolved "https://registry.yarnpkg.com/@types/node/-/node-11.9.3.tgz#14adbb5ab8cd563f549fbae8dbe92e0b7d6e76cc"
  integrity sha512-DMiqG51GwES/c4ScBY0u5bDlH44+oY8AeYHjY1SGCWidD7h08o1dfHue/TGK7REmif2KiJzaUskO+Q0eaeZ2fQ==

"@types/pegjs@^0.10.1":
  version "0.10.1"
  resolved "https://registry.yarnpkg.com/@types/pegjs/-/pegjs-0.10.1.tgz#9a2f3961dc62430fdb21061eb0ddbd890f9e3b94"
  integrity sha512-ra8IchO9odGQmYKbm+94K58UyKCEKdZh9y0vxhG4pIpOJOBlC1C+ZtBVr6jLs+/oJ4pl+1p/4t3JtBA8J10Vvw==

commander@2.19.0:
  version "2.19.0"
  resolved "https://registry.yarnpkg.com/commander/-/commander-2.19.0.tgz#f6198aa84e5b83c46054b94ddedbfed5ee9ff12a"
  integrity sha512-6tvAOO+D6OENvRAh524Dh9jcfKTYDQAqvqezbCW82xj5X0pSrcpxtvRKHLG0yBY6SD7PSDrJaj+0AiOcKVd1Xg==

pegjs@0.10.0:
  version "0.10.0"
  resolved "https://registry.yarnpkg.com/pegjs/-/pegjs-0.10.0.tgz#cf8bafae6eddff4b5a7efb185269eaaf4610ddbd"
  integrity sha1-z4uvrm7d/0tafvsYUmnqr0YQ3b0=

sax@>=0.6.0:
  version "1.2.4"
  resolved "https://registry.yarnpkg.com/sax/-/sax-1.2.4.tgz#2816234e2378bddc4e5354fab5caa895df7100d9"
  integrity sha512-NqVDv9TpANUjFm0N8uM5GxL36UgKi9/atZw+x7YFnQ8ckwFGKrl4xX4yWtrey3UJm5nP1kUbnYgLopqWNSRhWw==

sparqljs@2.2.1:
  version "2.2.1"
  resolved "https://registry.yarnpkg.com/sparqljs/-/sparqljs-2.2.1.tgz#9bac98bc783ade98b802a8e1794339f65a516e86"
  integrity sha512-nvwCxdqZbggDEFc/1b4FfAUxAzBjAkpruDRwqQSMApyvr94qxta6DG9hCFI423i/1wJkPi5pggLmN0q2YdgpCg==

typescript@^3.3.3:
  version "3.3.3"
  resolved "https://registry.yarnpkg.com/typescript/-/typescript-3.3.3.tgz#f1657fc7daa27e1a8930758ace9ae8da31403221"
  integrity sha512-Y21Xqe54TBVp+VDSNbuDYdGw0BpoR/Q6wo/+35M8PAU0vipahnyduJWirxxdxjsAkS7hue53x2zp8gz7F05u0A==

xml-writer@1.7.0:
  version "1.7.0"
  resolved "https://registry.yarnpkg.com/xml-writer/-/xml-writer-1.7.0.tgz#b76f1d591c16a2634ebdb703c7bdbd0fd6819065"
  integrity sha1-t28dWRwWomNOvbcDx729D9aBkGU=

xml2js@0.4.19:
  version "0.4.19"
  resolved "https://registry.yarnpkg.com/xml2js/-/xml2js-0.4.19.tgz#686c20f213209e94abf0d1bcf1efaa291c7827a7"
  integrity sha512-esZnJZJOiJR9wWKMyuvSE1y6Dq5LCuJanqhxslH2bxM6duahNZ+HMpCLhBQGZkbX6xRf8x1Y2eJlgt2q3qo49Q==
  dependencies:
    sax ">=0.6.0"
    xmlbuilder "~9.0.1"

xmlbuilder@~9.0.1:
  version "9.0.7"
  resolved "https://registry.yarnpkg.com/xmlbuilder/-/xmlbuilder-9.0.7.tgz#132ee63d2ec5565c557e20f4c22df9aca686b10d"
  integrity sha1-Ey7mPS7FVlxVfiD0wi35rKaGsQ0=
